// !$*UTF8*$!
{
	archiveVersion = 1;
	classes = {
	};
	objectVersion = 50;
	objects = {

/* Begin PBXBuildFile section */
		A47127D326A90F310060E911 /* AppDelegate.swift in Sources */ = {isa = PBXBuildFile; fileRef = A47127D226A90F310060E911 /* AppDelegate.swift */; };
		A47127D526A90F310060E911 /* SceneDelegate.swift in Sources */ = {isa = PBXBuildFile; fileRef = A47127D426A90F310060E911 /* SceneDelegate.swift */; };
		A47127D726A90F310060E911 /* ViewController.swift in Sources */ = {isa = PBXBuildFile; fileRef = A47127D626A90F310060E911 /* ViewController.swift */; };
		A47127DA26A90F310060E911 /* Main.storyboard in Resources */ = {isa = PBXBuildFile; fileRef = A47127D826A90F310060E911 /* Main.storyboard */; };
		A47127DD26A90F310060E911 /* esteelauder.xcdatamodeld in Sources */ = {isa = PBXBuildFile; fileRef = A47127DB26A90F310060E911 /* esteelauder.xcdatamodeld */; };
		A47127DF26A90F350060E911 /* Assets.xcassets in Resources */ = {isa = PBXBuildFile; fileRef = A47127DE26A90F350060E911 /* Assets.xcassets */; };
		A47127E226A90F350060E911 /* LaunchScreen.storyboard in Resources */ = {isa = PBXBuildFile; fileRef = A47127E026A90F350060E911 /* LaunchScreen.storyboard */; };
/* End PBXBuildFile section */

/* Begin PBXFileReference section */
		A47127CF26A90F310060E911 /* esteelauder.app */ = {isa = PBXFileReference; explicitFileType = wrapper.application; includeInIndex = 0; path = esteelauder.app; sourceTree = BUILT_PRODUCTS_DIR; };
		A47127D226A90F310060E911 /* AppDelegate.swift */ = {isa = PBXFileReference; lastKnownFileType = sourcecode.swift; path = AppDelegate.swift; sourceTree = "<group>"; };
		A47127D426A90F310060E911 /* SceneDelegate.swift */ = {isa = PBXFileReference; lastKnownFileType = sourcecode.swift; path = SceneDelegate.swift; sourceTree = "<group>"; };
		A47127D626A90F310060E911 /* ViewController.swift */ = {isa = PBXFileReference; lastKnownFileType = sourcecode.swift; path = ViewController.swift; sourceTree = "<group>"; };
		A47127D926A90F310060E911 /* Base */ = {isa = PBXFileReference; lastKnownFileType = file.storyboard; name = Base; path = Base.lproj/Main.storyboard; sourceTree = "<group>"; };
		A47127DC26A90F310060E911 /* esteelauder.xcdatamodel */ = {isa = PBXFileReference; lastKnownFileType = wrapper.xcdatamodel; path = esteelauder.xcdatamodel; sourceTree = "<group>"; };
		A47127DE26A90F350060E911 /* Assets.xcassets */ = {isa = PBXFileReference; lastKnownFileType = folder.assetcatalog; path = Assets.xcassets; sourceTree = "<group>"; };
		A47127E126A90F350060E911 /* Base */ = {isa = PBXFileReference; lastKnownFileType = file.storyboard; name = Base; path = Base.lproj/LaunchScreen.storyboard; sourceTree = "<group>"; };
		A47127E326A90F350060E911 /* Info.plist */ = {isa = PBXFileReference; lastKnownFileType = text.plist.xml; path = Info.plist; sourceTree = "<group>"; };
/* End PBXFileReference section */

/* Begin PBXFrameworksBuildPhase section */
		A47127CC26A90F310060E911 /* Frameworks */ = {
			isa = PBXFrameworksBuildPhase;
			buildActionMask = 2147483647;
			files = (
			);
			runOnlyForDeploymentPostprocessing = 0;
		};
/* End PBXFrameworksBuildPhase section */

/* Begin PBXGroup section */
		A47127C626A90F310060E911 = {
			isa = PBXGroup;
			children = (
				A47127D126A90F310060E911 /* esteelauder */,
				A47127D026A90F310060E911 /* Products */,
			);
			sourceTree = "<group>";
		};
		A47127D026A90F310060E911 /* Products */ = {
			isa = PBXGroup;
			children = (
				A47127CF26A90F310060E911 /* esteelauder.app */,
			);
			name = Products;
			sourceTree = "<group>";
		};
		A47127D126A90F310060E911 /* esteelauder */ = {
			isa = PBXGroup;
			children = (
				A47127D226A90F310060E911 /* AppDelegate.swift */,
				A47127D426A90F310060E911 /* SceneDelegate.swift */,
				A47127D626A90F310060E911 /* ViewController.swift */,
				A47127D826A90F310060E911 /* Main.storyboard */,
				A47127DE26A90F350060E911 /* Assets.xcassets */,
				A47127E026A90F350060E911 /* LaunchScreen.storyboard */,
				A47127E326A90F350060E911 /* Info.plist */,
				A47127DB26A90F310060E911 /* esteelauder.xcdatamodeld */,
			);
			path = esteelauder;
			sourceTree = "<group>";
		};
/* End PBXGroup section */

/* Begin PBXNativeTarget section */
		A47127CE26A90F310060E911 /* esteelauder */ = {
			isa = PBXNativeTarget;
			buildConfigurationList = A47127E626A90F350060E911 /* Build configuration list for PBXNativeTarget "esteelauder" */;
			buildPhases = (
				A47127CB26A90F310060E911 /* Sources */,
				A47127CC26A90F310060E911 /* Frameworks */,
				A47127CD26A90F310060E911 /* Resources */,
			);
			buildRules = (
			);
			dependencies = (
			);
			name = esteelauder;
			productName = esteelauder;
			productReference = A47127CF26A90F310060E911 /* esteelauder.app */;
			productType = "com.apple.product-type.application";
		};
/* End PBXNativeTarget section */

/* Begin PBXProject section */
		A47127C726A90F310060E911 /* Project object */ = {
			isa = PBXProject;
			attributes = {
				LastSwiftUpdateCheck = 1250;
				LastUpgradeCheck = 1250;
				TargetAttributes = {
					A47127CE26A90F310060E911 = {
						CreatedOnToolsVersion = 12.5.1;
					};
				};
			};
			buildConfigurationList = A47127CA26A90F310060E911 /* Build configuration list for PBXProject "esteelauder" */;
			compatibilityVersion = "Xcode 9.3";
			developmentRegion = en;
			hasScannedForEncodings = 0;
			knownRegions = (
				en,
				Base,
			);
			mainGroup = A47127C626A90F310060E911;
			productRefGroup = A47127D026A90F310060E911 /* Products */;
			projectDirPath = "";
			projectRoot = "";
			targets = (
				A47127CE26A90F310060E911 /* esteelauder */,
			);
		};
/* End PBXProject section */

/* Begin PBXResourcesBuildPhase section */
		A47127CD26A90F310060E911 /* Resources */ = {
			isa = PBXResourcesBuildPhase;
			buildActionMask = 2147483647;
			files = (
				A47127E226A90F350060E911 /* LaunchScreen.storyboard in Resources */,
				A47127DF26A90F350060E911 /* Assets.xcassets in Resources */,
				A47127DA26A90F310060E911 /* Main.storyboard in Resources */,
			);
			runOnlyForDeploymentPostprocessing = 0;
		};
/* End PBXResourcesBuildPhase section */

/* Begin PBXSourcesBuildPhase section */
		A47127CB26A90F310060E911 /* Sources */ = {
			isa = PBXSourcesBuildPhase;
			buildActionMask = 2147483647;
			files = (
				A47127D726A90F310060E911 /* ViewController.swift in Sources */,
				A47127D326A90F310060E911 /* AppDelegate.swift in Sources */,
				A47127D526A90F310060E911 /* SceneDelegate.swift in Sources */,
				A47127DD26A90F310060E911 /* esteelauder.xcdatamodeld in Sources */,
			);
			runOnlyForDeploymentPostprocessing = 0;
		};
/* End PBXSourcesBuildPhase section */

/* Begin PBXVariantGroup section */
		A47127D826A90F310060E911 /* Main.storyboard */ = {
			isa = PBXVariantGroup;
			children = (
				A47127D926A90F310060E911 /* Base */,
			);
			name = Main.storyboard;
			sourceTree = "<group>";
		};
		A47127E026A90F350060E911 /* LaunchScreen.storyboard */ = {
			isa = PBXVariantGroup;
			children = (
				A47127E126A90F350060E911 /* Base */,
			);
			name = LaunchScreen.storyboard;
			sourceTree = "<group>";
		};
/* End PBXVariantGroup section */

/* Begin XCBuildConfiguration section */
		A47127E426A90F350060E911 /* Debug */ = {
			isa = XCBuildConfiguration;
			buildSettings = {
				ALWAYS_SEARCH_USER_PATHS = NO;
				CLANG_ANALYZER_NONNULL = YES;
				CLANG_ANALYZER_NUMBER_OBJECT_CONVERSION = YES_AGGRESSIVE;
				CLANG_CXX_LANGUAGE_STANDARD = "gnu++14";
				CLANG_CXX_LIBRARY = "libc++";
				CLANG_ENABLE_MODULES = YES;
				CLANG_ENABLE_OBJC_ARC = YES;
				CLANG_ENABLE_OBJC_WEAK = YES;
				CLANG_WARN_BLOCK_CAPTURE_AUTORELEASING = YES;
				CLANG_WARN_BOOL_CONVERSION = YES;
				CLANG_WARN_COMMA = YES;
				CLANG_WARN_CONSTANT_CONVERSION = YES;
				CLANG_WARN_DEPRECATED_OBJC_IMPLEMENTATIONS = YES;
				CLANG_WARN_DIRECT_OBJC_ISA_USAGE = YES_ERROR;
				CLANG_WARN_DOCUMENTATION_COMMENTS = YES;
				CLANG_WARN_EMPTY_BODY = YES;
				CLANG_WARN_ENUM_CONVERSION = YES;
				CLANG_WARN_INFINITE_RECURSION = YES;
				CLANG_WARN_INT_CONVERSION = YES;
				CLANG_WARN_NON_LITERAL_NULL_CONVERSION = YES;
				CLANG_WARN_OBJC_IMPLICIT_RETAIN_SELF = YES;
				CLANG_WARN_OBJC_LITERAL_CONVERSION = YES;
				CLANG_WARN_OBJC_ROOT_CLASS = YES_ERROR;
				CLANG_WARN_QUOTED_INCLUDE_IN_FRAMEWORK_HEADER = YES;
				CLANG_WARN_RANGE_LOOP_ANALYSIS = YES;
				CLANG_WARN_STRICT_PROTOTYPES = YES;
				CLANG_WARN_SUSPICIOUS_MOVE = YES;
				CLANG_WARN_UNGUARDED_AVAILABILITY = YES_AGGRESSIVE;
				CLANG_WARN_UNREACHABLE_CODE = YES;
				CLANG_WARN__DUPLICATE_METHOD_MATCH = YES;
				COPY_PHASE_STRIP = NO;
				DEBUG_INFORMATION_FORMAT = dwarf;
				ENABLE_STRICT_OBJC_MSGSEND = YES;
				ENABLE_TESTABILITY = YES;
				GCC_C_LANGUAGE_STANDARD = gnu11;
				GCC_DYNAMIC_NO_PIC = NO;
				GCC_NO_COMMON_BLOCKS = YES;
				GCC_OPTIMIZATION_LEVEL = 0;
				GCC_PREPROCESSOR_DEFINITIONS = (
					"DEBUG=1",
					"$(inherited)",
				);
				GCC_WARN_64_TO_32_BIT_CONVERSION = YES;
				GCC_WARN_ABOUT_RETURN_TYPE = YES_ERROR;
				GCC_WARN_UNDECLARED_SELECTOR = YES;
				GCC_WARN_UNINITIALIZED_AUTOS = YES_AGGRESSIVE;
				GCC_WARN_UNUSED_FUNCTION = YES;
				GCC_WARN_UNUSED_VARIABLE = YES;
				IPHONEOS_DEPLOYMENT_TARGET = 14.5;
				MTL_ENABLE_DEBUG_INFO = INCLUDE_SOURCE;
				MTL_FAST_MATH = YES;
				ONLY_ACTIVE_ARCH = YES;
				SDKROOT = iphoneos;
				SWIFT_ACTIVE_COMPILATION_CONDITIONS = DEBUG;
				SWIFT_OPTIMIZATION_LEVEL = "-Onone";
			};
			name = Debug;
		};
		A47127E526A90F350060E911 /* Release */ = {
			isa = XCBuildConfiguration;
			buildSettings = {
				ALWAYS_SEARCH_USER_PATHS = NO;
				CLANG_ANALYZER_NONNULL = YES;
				CLANG_ANALYZER_NUMBER_OBJECT_CONVERSION = YES_AGGRESSIVE;
				CLANG_CXX_LANGUAGE_STANDARD = "gnu++14";
				CLANG_CXX_LIBRARY = "libc++";
				CLANG_ENABLE_MODULES = YES;
				CLANG_ENABLE_OBJC_ARC = YES;
				CLANG_ENABLE_OBJC_WEAK = YES;
				CLANG_WARN_BLOCK_CAPTURE_AUTORELEASING = YES;
				CLANG_WARN_BOOL_CONVERSION = YES;
				CLANG_WARN_COMMA = YES;
				CLANG_WARN_CONSTANT_CONVERSION = YES;
				CLANG_WARN_DEPRECATED_OBJC_IMPLEMENTATIONS = YES;
				CLANG_WARN_DIRECT_OBJC_ISA_USAGE = YES_ERROR;
				CLANG_WARN_DOCUMENTATION_COMMENTS = YES;
				CLANG_WARN_EMPTY_BODY = YES;
				CLANG_WARN_ENUM_CONVERSION = YES;
				CLANG_WARN_INFINITE_RECURSION = YES;
				CLANG_WARN_INT_CONVERSION = YES;
				CLANG_WARN_NON_LITERAL_NULL_CONVERSION = YES;
				CLANG_WARN_OBJC_IMPLICIT_RETAIN_SELF = YES;
				CLANG_WARN_OBJC_LITERAL_CONVERSION = YES;
				CLANG_WARN_OBJC_ROOT_CLASS = YES_ERROR;
				CLANG_WARN_QUOTED_INCLUDE_IN_FRAMEWORK_HEADER = YES;
				CLANG_WARN_RANGE_LOOP_ANALYSIS = YES;
				CLANG_WARN_STRICT_PROTOTYPES = YES;
				CLANG_WARN_SUSPICIOUS_MOVE = YES;
				CLANG_WARN_UNGUARDED_AVAILABILITY = YES_AGGRESSIVE;
				CLANG_WARN_UNREACHABLE_CODE = YES;
				CLANG_WARN__DUPLICATE_METHOD_MATCH = YES;
				COPY_PHASE_STRIP = NO;
				DEBUG_INFORMATION_FORMAT = "dwarf-with-dsym";
				ENABLE_NS_ASSERTIONS = NO;
				ENABLE_STRICT_OBJC_MSGSEND = YES;
				GCC_C_LANGUAGE_STANDARD = gnu11;
				GCC_NO_COMMON_BLOCKS = YES;
				GCC_WARN_64_TO_32_BIT_CONVERSION = YES;
				GCC_WARN_ABOUT_RETURN_TYPE = YES_ERROR;
				GCC_WARN_UNDECLARED_SELECTOR = YES;
				GCC_WARN_UNINITIALIZED_AUTOS = YES_AGGRESSIVE;
				GCC_WARN_UNUSED_FUNCTION = YES;
				GCC_WARN_UNUSED_VARIABLE = YES;
				IPHONEOS_DEPLOYMENT_TARGET = 14.5;
				MTL_ENABLE_DEBUG_INFO = NO;
				MTL_FAST_MATH = YES;
				SDKROOT = iphoneos;
				SWIFT_COMPILATION_MODE = wholemodule;
				SWIFT_OPTIMIZATION_LEVEL = "-O";
				VALIDATE_PRODUCT = YES;
			};
			name = Release;
		};
		A47127E726A90F350060E911 /* Debug */ = {
			isa = XCBuildConfiguration;
			buildSettings = {
				ASSETCATALOG_COMPILER_APPICON_NAME = AppIcon;
				ASSETCATALOG_COMPILER_GLOBAL_ACCENT_COLOR_NAME = AccentColor;
				CODE_SIGN_STYLE = Automatic;
				DEVELOPMENT_TEAM = V7PY22Y4GK;
				INFOPLIST_FILE = esteelauder/Info.plist;
				LD_RUNPATH_SEARCH_PATHS = (
					"$(inherited)",
					"@executable_path/Frameworks",
				);
				PRODUCT_BUNDLE_IDENTIFIER = AlinaGangji.esteelauder;
				PRODUCT_NAME = "$(TARGET_NAME)";
				SWIFT_VERSION = 5.0;
				TARGETED_DEVICE_FAMILY = "1,2";
			};
			name = Debug;
		};
		A47127E826A90F350060E911 /* Release */ = {
			isa = XCBuildConfiguration;
			buildSettings = {
				ASSETCATALOG_COMPILER_APPICON_NAME = AppIcon;
				ASSETCATALOG_COMPILER_GLOBAL_ACCENT_COLOR_NAME = AccentColor;
				CODE_SIGN_STYLE = Automatic;
				DEVELOPMENT_TEAM = V7PY22Y4GK;
				INFOPLIST_FILE = esteelauder/Info.plist;
				LD_RUNPATH_SEARCH_PATHS = (
					"$(inherited)",
					"@executable_path/Frameworks",
				);
				PRODUCT_BUNDLE_IDENTIFIER = AlinaGangji.esteelauder;
				PRODUCT_NAME = "$(TARGET_NAME)";
				SWIFT_VERSION = 5.0;
				TARGETED_DEVICE_FAMILY = "1,2";
			};
			name = Release;
		};
/* End XCBuildConfiguration section */

/* Begin XCConfigurationList section */
		A47127CA26A90F310060E911 /* Build configuration list for PBXProject "esteelauder" */ = {
			isa = XCConfigurationList;
			buildConfigurations = (
				A47127E426A90F350060E911 /* Debug */,
				A47127E526A90F350060E911 /* Release */,
			);
			defaultConfigurationIsVisible = 0;
			defaultConfigurationName = Release;
		};
		A47127E626A90F350060E911 /* Build configuration list for PBXNativeTarget "esteelauder" */ = {
			isa = XCConfigurationList;
			buildConfigurations = (
				A47127E726A90F350060E911 /* Debug */,
				A47127E826A90F350060E911 /* Release */,
			);
			defaultConfigurationIsVisible = 0;
			defaultConfigurationName = Release;
		};
/* End XCConfigurationList section */

/* Begin XCVersionGroup section */
		A47127DB26A90F310060E911 /* esteelauder.xcdatamodeld */ = {
			isa = XCVersionGroup;
			children = (
				A47127DC26A90F310060E911 /* esteelauder.xcdatamodel */,
			);
			currentVersion = A47127DC26A90F310060E911 /* esteelauder.xcdatamodel */;
			path = esteelauder.xcdatamodeld;
			sourceTree = "<group>";
			versionGroupType = wrapper.xcdatamodel;
		};
/* End XCVersionGroup section */
	};
	rootObject = A47127C726A90F310060E911 /* Project object */;
}
